// !$*UTF8*$!
{
	archiveVersion = 1;
	classes = {
	};
	objectVersion = 51;
	objects = {

/* Begin PBXBuildFile section */
		78C4E7E12DAAC14A4C376AC9 /* Pods_PersonaCalc.framework in Frameworks */ = {isa = PBXBuildFile; fileRef = 0468E0C62E1DF827F175AA8C /* Pods_PersonaCalc.framework */; };
		965911D7257362D900179388 /* AppDelegate.swift in Sources */ = {isa = PBXBuildFile; fileRef = 965911D6257362D900179388 /* AppDelegate.swift */; };
		965911D9257362D900179388 /* SceneDelegate.swift in Sources */ = {isa = PBXBuildFile; fileRef = 965911D8257362D900179388 /* SceneDelegate.swift */; };
		965911DB257362D900179388 /* ViewController.swift in Sources */ = {isa = PBXBuildFile; fileRef = 965911DA257362D900179388 /* ViewController.swift */; };
		965911DE257362D900179388 /* Main.storyboard in Resources */ = {isa = PBXBuildFile; fileRef = 965911DC257362D900179388 /* Main.storyboard */; };
		965911E1257362D900179388 /* PersonaCalc.xcdatamodeld in Sources */ = {isa = PBXBuildFile; fileRef = 965911DF257362D900179388 /* PersonaCalc.xcdatamodeld */; };
		965911E3257362DA00179388 /* Assets.xcassets in Resources */ = {isa = PBXBuildFile; fileRef = 965911E2257362DA00179388 /* Assets.xcassets */; };
		965911E6257362DA00179388 /* LaunchScreen.storyboard in Resources */ = {isa = PBXBuildFile; fileRef = 965911E4257362DA00179388 /* LaunchScreen.storyboard */; };
		967A539E257D8059004C6174 /* LoginViewController.storyboard in Resources */ = {isa = PBXBuildFile; fileRef = 967A539D257D8059004C6174 /* LoginViewController.storyboard */; };
		967A53A7257D846A004C6174 /* LoginViewController.swift in Sources */ = {isa = PBXBuildFile; fileRef = 967A53A6257D846A004C6174 /* LoginViewController.swift */; };
		967A53B7257D867C004C6174 /* Persona+CoreDataClass.swift in Sources */ = {isa = PBXBuildFile; fileRef = 967A53B3257D867C004C6174 /* Persona+CoreDataClass.swift */; };
		967A53B8257D867C004C6174 /* Persona+CoreDataProperties.swift in Sources */ = {isa = PBXBuildFile; fileRef = 967A53B4257D867C004C6174 /* Persona+CoreDataProperties.swift */; };
		967A53B9257D867C004C6174 /* Users+CoreDataClass.swift in Sources */ = {isa = PBXBuildFile; fileRef = 967A53B5257D867C004C6174 /* Users+CoreDataClass.swift */; };
		967A53BA257D867C004C6174 /* Users+CoreDataProperties.swift in Sources */ = {isa = PBXBuildFile; fileRef = 967A53B6257D867C004C6174 /* Users+CoreDataProperties.swift */; };
		967A53BD257D87E8004C6174 /* LoginControllerWireFrame.swift in Sources */ = {isa = PBXBuildFile; fileRef = 967A53BC257D87E8004C6174 /* LoginControllerWireFrame.swift */; };
		967A53C1257D94DE004C6174 /* LoginPresenter.swift in Sources */ = {isa = PBXBuildFile; fileRef = 967A53C0257D94DE004C6174 /* LoginPresenter.swift */; };
		967A53C5257D9B22004C6174 /* TabRoot.storyboard in Resources */ = {isa = PBXBuildFile; fileRef = 967A53C4257D9B22004C6174 /* TabRoot.storyboard */; };
		967A53CC257D9D02004C6174 /* InventarioViewController.storyboard in Resources */ = {isa = PBXBuildFile; fileRef = 967A53CB257D9D02004C6174 /* InventarioViewController.storyboard */; };
		967A53CF257D9D5C004C6174 /* PersonaViewController.storyboard in Resources */ = {isa = PBXBuildFile; fileRef = 967A53CE257D9D5C004C6174 /* PersonaViewController.storyboard */; };
		967A53D2257D9D6E004C6174 /* ProfileViewController.storyboard in Resources */ = {isa = PBXBuildFile; fileRef = 967A53D1257D9D6D004C6174 /* ProfileViewController.storyboard */; };
		967A53D5257D9EA8004C6174 /* TabRootWireFrame.swift in Sources */ = {isa = PBXBuildFile; fileRef = 967A53D4257D9EA8004C6174 /* TabRootWireFrame.swift */; };
		967A53DB257DA289004C6174 /* PersonaTableViewCell.xib in Resources */ = {isa = PBXBuildFile; fileRef = 967A53DA257DA289004C6174 /* PersonaTableViewCell.xib */; };
		967A53DE257DA2BE004C6174 /* PersonaTableViewCell.swift in Sources */ = {isa = PBXBuildFile; fileRef = 967A53DD257DA2BE004C6174 /* PersonaTableViewCell.swift */; };
		967A53EB257DAAB7004C6174 /* PersonaViewController.swift in Sources */ = {isa = PBXBuildFile; fileRef = 967A53EA257DAAB7004C6174 /* PersonaViewController.swift */; };
		967A53EE257DAD71004C6174 /* PersonaPresenter.swift in Sources */ = {isa = PBXBuildFile; fileRef = 967A53ED257DAD71004C6174 /* PersonaPresenter.swift */; };
		967A53F1257DAD93004C6174 /* PersonaDelegate.swift in Sources */ = {isa = PBXBuildFile; fileRef = 967A53F0257DAD93004C6174 /* PersonaDelegate.swift */; };
		967A540D257DAFD5004C6174 /* PersonaList.framework in Frameworks */ = {isa = PBXBuildFile; fileRef = 967A540C257DAFD5004C6174 /* PersonaList.framework */; settings = {ATTRIBUTES = (Weak, ); }; };
		967A540E257DAFD5004C6174 /* PersonaList.framework in Embed Frameworks */ = {isa = PBXBuildFile; fileRef = 967A540C257DAFD5004C6174 /* PersonaList.framework */; settings = {ATTRIBUTES = (RemoveHeadersOnCopy, ); }; };
		969CB2B1257DCCC800A2AA0F /* PersonaIdViewController.xib in Resources */ = {isa = PBXBuildFile; fileRef = 969CB2B0257DCCC800A2AA0F /* PersonaIdViewController.xib */; };
		969CB2B3257DD67100A2AA0F /* FusionViewCell.xib in Resources */ = {isa = PBXBuildFile; fileRef = 969CB2B2257DD67100A2AA0F /* FusionViewCell.xib */; };
/* End PBXBuildFile section */

/* Begin PBXCopyFilesBuildPhase section */
		967A540F257DAFD6004C6174 /* Embed Frameworks */ = {
			isa = PBXCopyFilesBuildPhase;
			buildActionMask = 2147483647;
			dstPath = "";
			dstSubfolderSpec = 10;
			files = (
				967A540E257DAFD5004C6174 /* PersonaList.framework in Embed Frameworks */,
			);
			name = "Embed Frameworks";
			runOnlyForDeploymentPostprocessing = 0;
		};
/* End PBXCopyFilesBuildPhase section */

/* Begin PBXFileReference section */
		0468E0C62E1DF827F175AA8C /* Pods_PersonaCalc.framework */ = {isa = PBXFileReference; explicitFileType = wrapper.framework; includeInIndex = 0; path = Pods_PersonaCalc.framework; sourceTree = BUILT_PRODUCTS_DIR; };
		4DC9166BB2522F393CC9C1AE /* Pods-PersonaCalc.debug.xcconfig */ = {isa = PBXFileReference; includeInIndex = 1; lastKnownFileType = text.xcconfig; name = "Pods-PersonaCalc.debug.xcconfig"; path = "Target Support Files/Pods-PersonaCalc/Pods-PersonaCalc.debug.xcconfig"; sourceTree = "<group>"; };
		965911D3257362D900179388 /* PersonaCalc.app */ = {isa = PBXFileReference; explicitFileType = wrapper.application; includeInIndex = 0; path = PersonaCalc.app; sourceTree = BUILT_PRODUCTS_DIR; };
		965911D6257362D900179388 /* AppDelegate.swift */ = {isa = PBXFileReference; lastKnownFileType = sourcecode.swift; path = AppDelegate.swift; sourceTree = "<group>"; };
		965911D8257362D900179388 /* SceneDelegate.swift */ = {isa = PBXFileReference; lastKnownFileType = sourcecode.swift; path = SceneDelegate.swift; sourceTree = "<group>"; };
		965911DA257362D900179388 /* ViewController.swift */ = {isa = PBXFileReference; lastKnownFileType = sourcecode.swift; path = ViewController.swift; sourceTree = "<group>"; };
		965911DD257362D900179388 /* Base */ = {isa = PBXFileReference; lastKnownFileType = file.storyboard; name = Base; path = Base.lproj/Main.storyboard; sourceTree = "<group>"; };
		965911E0257362D900179388 /* PersonaCalc.xcdatamodel */ = {isa = PBXFileReference; lastKnownFileType = wrapper.xcdatamodel; path = PersonaCalc.xcdatamodel; sourceTree = "<group>"; };
		965911E2257362DA00179388 /* Assets.xcassets */ = {isa = PBXFileReference; lastKnownFileType = folder.assetcatalog; path = Assets.xcassets; sourceTree = "<group>"; };
		965911E5257362DA00179388 /* Base */ = {isa = PBXFileReference; lastKnownFileType = file.storyboard; name = Base; path = Base.lproj/LaunchScreen.storyboard; sourceTree = "<group>"; };
		965911E7257362DA00179388 /* Info.plist */ = {isa = PBXFileReference; lastKnownFileType = text.plist.xml; path = Info.plist; sourceTree = "<group>"; };
		967A539D257D8059004C6174 /* LoginViewController.storyboard */ = {isa = PBXFileReference; lastKnownFileType = file.storyboard; path = LoginViewController.storyboard; sourceTree = "<group>"; };
		967A53A6257D846A004C6174 /* LoginViewController.swift */ = {isa = PBXFileReference; lastKnownFileType = sourcecode.swift; path = LoginViewController.swift; sourceTree = "<group>"; };
		967A53B3257D867C004C6174 /* Persona+CoreDataClass.swift */ = {isa = PBXFileReference; fileEncoding = 4; lastKnownFileType = sourcecode.swift; name = "Persona+CoreDataClass.swift"; path = "DBEntites/Persona+CoreDataClass.swift"; sourceTree = "<group>"; };
		967A53B4257D867C004C6174 /* Persona+CoreDataProperties.swift */ = {isa = PBXFileReference; fileEncoding = 4; lastKnownFileType = sourcecode.swift; name = "Persona+CoreDataProperties.swift"; path = "DBEntites/Persona+CoreDataProperties.swift"; sourceTree = "<group>"; };
		967A53B5257D867C004C6174 /* Users+CoreDataClass.swift */ = {isa = PBXFileReference; fileEncoding = 4; lastKnownFileType = sourcecode.swift; name = "Users+CoreDataClass.swift"; path = "DBEntites/Users+CoreDataClass.swift"; sourceTree = "<group>"; };
		967A53B6257D867C004C6174 /* Users+CoreDataProperties.swift */ = {isa = PBXFileReference; fileEncoding = 4; lastKnownFileType = sourcecode.swift; name = "Users+CoreDataProperties.swift"; path = "DBEntites/Users+CoreDataProperties.swift"; sourceTree = "<group>"; };
		967A53BC257D87E8004C6174 /* LoginControllerWireFrame.swift */ = {isa = PBXFileReference; lastKnownFileType = sourcecode.swift; path = LoginControllerWireFrame.swift; sourceTree = "<group>"; };
		967A53C0257D94DE004C6174 /* LoginPresenter.swift */ = {isa = PBXFileReference; lastKnownFileType = sourcecode.swift; path = LoginPresenter.swift; sourceTree = "<group>"; };
		967A53C4257D9B22004C6174 /* TabRoot.storyboard */ = {isa = PBXFileReference; lastKnownFileType = file.storyboard; path = TabRoot.storyboard; sourceTree = "<group>"; };
		967A53CB257D9D02004C6174 /* InventarioViewController.storyboard */ = {isa = PBXFileReference; lastKnownFileType = file.storyboard; path = InventarioViewController.storyboard; sourceTree = "<group>"; };
		967A53CE257D9D5C004C6174 /* PersonaViewController.storyboard */ = {isa = PBXFileReference; lastKnownFileType = file.storyboard; path = PersonaViewController.storyboard; sourceTree = "<group>"; };
		967A53D1257D9D6D004C6174 /* ProfileViewController.storyboard */ = {isa = PBXFileReference; lastKnownFileType = file.storyboard; path = ProfileViewController.storyboard; sourceTree = "<group>"; };
		967A53D4257D9EA8004C6174 /* TabRootWireFrame.swift */ = {isa = PBXFileReference; lastKnownFileType = sourcecode.swift; path = TabRootWireFrame.swift; sourceTree = "<group>"; };
		967A53DA257DA289004C6174 /* PersonaTableViewCell.xib */ = {isa = PBXFileReference; fileEncoding = 4; lastKnownFileType = file.xib; path = PersonaTableViewCell.xib; sourceTree = "<group>"; };
		967A53DD257DA2BE004C6174 /* PersonaTableViewCell.swift */ = {isa = PBXFileReference; fileEncoding = 4; lastKnownFileType = sourcecode.swift; path = PersonaTableViewCell.swift; sourceTree = "<group>"; };
		967A53EA257DAAB7004C6174 /* PersonaViewController.swift */ = {isa = PBXFileReference; lastKnownFileType = sourcecode.swift; path = PersonaViewController.swift; sourceTree = "<group>"; };
		967A53ED257DAD71004C6174 /* PersonaPresenter.swift */ = {isa = PBXFileReference; lastKnownFileType = sourcecode.swift; path = PersonaPresenter.swift; sourceTree = "<group>"; };
		967A53F0257DAD93004C6174 /* PersonaDelegate.swift */ = {isa = PBXFileReference; lastKnownFileType = sourcecode.swift; path = PersonaDelegate.swift; sourceTree = "<group>"; };
		967A540C257DAFD5004C6174 /* PersonaList.framework */ = {isa = PBXFileReference; explicitFileType = wrapper.framework; path = PersonaList.framework; sourceTree = BUILT_PRODUCTS_DIR; };
		969CB2B0257DCCC800A2AA0F /* PersonaIdViewController.xib */ = {isa = PBXFileReference; lastKnownFileType = file.xib; path = PersonaIdViewController.xib; sourceTree = "<group>"; };
		969CB2B2257DD67100A2AA0F /* FusionViewCell.xib */ = {isa = PBXFileReference; lastKnownFileType = file.xib; path = FusionViewCell.xib; sourceTree = "<group>"; };
		DF9ABC732A2264DEA9223F36 /* Pods-PersonaCalc.release.xcconfig */ = {isa = PBXFileReference; includeInIndex = 1; lastKnownFileType = text.xcconfig; name = "Pods-PersonaCalc.release.xcconfig"; path = "Target Support Files/Pods-PersonaCalc/Pods-PersonaCalc.release.xcconfig"; sourceTree = "<group>"; };
/* End PBXFileReference section */

/* Begin PBXFrameworksBuildPhase section */
		965911D0257362D900179388 /* Frameworks */ = {
			isa = PBXFrameworksBuildPhase;
			buildActionMask = 2147483647;
			files = (
				78C4E7E12DAAC14A4C376AC9 /* Pods_PersonaCalc.framework in Frameworks */,
				967A540D257DAFD5004C6174 /* PersonaList.framework in Frameworks */,
			);
			runOnlyForDeploymentPostprocessing = 0;
		};
/* End PBXFrameworksBuildPhase section */

/* Begin PBXGroup section */
		2E74731344C1A6ECA510ED2C /* Frameworks */ = {
			isa = PBXGroup;
			children = (
				967A540C257DAFD5004C6174 /* PersonaList.framework */,
				0468E0C62E1DF827F175AA8C /* Pods_PersonaCalc.framework */,
			);
			name = Frameworks;
			sourceTree = "<group>";
		};
		965911CA257362D900179388 = {
			isa = PBXGroup;
			children = (
				965911D5257362D900179388 /* PersonaCalc */,
				965911D4257362D900179388 /* Products */,
				CF062C73DEA2A09341E34971 /* Pods */,
				2E74731344C1A6ECA510ED2C /* Frameworks */,
			);
			sourceTree = "<group>";
		};
		965911D4257362D900179388 /* Products */ = {
			isa = PBXGroup;
			children = (
				965911D3257362D900179388 /* PersonaCalc.app */,
			);
			name = Products;
			sourceTree = "<group>";
		};
		965911D5257362D900179388 /* PersonaCalc */ = {
			isa = PBXGroup;
			children = (
				965911E7257362DA00179388 /* Info.plist */,
				965911D6257362D900179388 /* AppDelegate.swift */,
				965911D8257362D900179388 /* SceneDelegate.swift */,
				965911DA257362D900179388 /* ViewController.swift */,
				965911E2257362DA00179388 /* Assets.xcassets */,
				967A53BF257D9438004C6174 /* Delegates */,
				965911E4257362DA00179388 /* LaunchScreen.storyboard */,
				965911DC257362D900179388 /* Main.storyboard */,
				967A538D257D76F3004C6174 /* Models */,
				967A538F257D7711004C6174 /* Presenters */,
				967A5391257D7722004C6174 /* ViewControllers */,
				967A538E257D7706004C6174 /* Views */,
				967A5390257D7719004C6174 /* WireFrames */,
			);
			path = PersonaCalc;
			sourceTree = "<group>";
		};
		967A538D257D76F3004C6174 /* Models */ = {
			isa = PBXGroup;
			children = (
				967A5414257DBE6C004C6174 /* Componentes */,
				967A5393257D7D75004C6174 /* Entities */,
				967A5392257D774B004C6174 /* CoreData */,
			);
			name = Models;
			sourceTree = "<group>";
		};
		967A538E257D7706004C6174 /* Views */ = {
			isa = PBXGroup;
			children = (
				967A53D9257DA276004C6174 /* Componentes */,
				967A53C3257D9B04004C6174 /* Tabs */,
				967A539D257D8059004C6174 /* LoginViewController.storyboard */,
			);
			name = Views;
			sourceTree = "<group>";
		};
		967A538F257D7711004C6174 /* Presenters */ = {
			isa = PBXGroup;
			children = (
				967A53E8257DA92A004C6174 /* Tabs */,
				967A53C0257D94DE004C6174 /* LoginPresenter.swift */,
			);
			name = Presenters;
			sourceTree = "<group>";
		};
		967A5390257D7719004C6174 /* WireFrames */ = {
			isa = PBXGroup;
			children = (
				967A53BC257D87E8004C6174 /* LoginControllerWireFrame.swift */,
				967A53D4257D9EA8004C6174 /* TabRootWireFrame.swift */,
			);
			name = WireFrames;
			sourceTree = "<group>";
		};
		967A5391257D7722004C6174 /* ViewControllers */ = {
			isa = PBXGroup;
			children = (
				967A53E7257DA880004C6174 /* Tabs */,
				967A53E0257DA2D6004C6174 /* Componentes */,
				967A53A6257D846A004C6174 /* LoginViewController.swift */,
			);
			name = ViewControllers;
			sourceTree = "<group>";
		};
		967A5392257D774B004C6174 /* CoreData */ = {
			isa = PBXGroup;
			children = (
				965911DF257362D900179388 /* PersonaCalc.xcdatamodeld */,
			);
			name = CoreData;
			sourceTree = "<group>";
		};
		967A5393257D7D75004C6174 /* Entities */ = {
			isa = PBXGroup;
			children = (
				967A53B3257D867C004C6174 /* Persona+CoreDataClass.swift */,
				967A53B4257D867C004C6174 /* Persona+CoreDataProperties.swift */,
				967A53B5257D867C004C6174 /* Users+CoreDataClass.swift */,
				967A53B6257D867C004C6174 /* Users+CoreDataProperties.swift */,
			);
			name = Entities;
			sourceTree = "<group>";
		};
		967A53BF257D9438004C6174 /* Delegates */ = {
			isa = PBXGroup;
			children = (
				967A53E9257DA930004C6174 /* Tabs */,
			);
			name = Delegates;
			sourceTree = "<group>";
		};
		967A53C3257D9B04004C6174 /* Tabs */ = {
			isa = PBXGroup;
			children = (
				967A53C4257D9B22004C6174 /* TabRoot.storyboard */,
				967A53CB257D9D02004C6174 /* InventarioViewController.storyboard */,
				967A53CE257D9D5C004C6174 /* PersonaViewController.storyboard */,
				967A53D1257D9D6D004C6174 /* ProfileViewController.storyboard */,
			);
			name = Tabs;
			sourceTree = "<group>";
		};
		967A53D9257DA276004C6174 /* Componentes */ = {
			isa = PBXGroup;
			children = (
				967A53DA257DA289004C6174 /* PersonaTableViewCell.xib */,
				969CB2B0257DCCC800A2AA0F /* PersonaIdViewController.xib */,
				969CB2B2257DD67100A2AA0F /* FusionViewCell.xib */,
			);
			name = Componentes;
			sourceTree = "<group>";
		};
		967A53E0257DA2D6004C6174 /* Componentes */ = {
			isa = PBXGroup;
			children = (
				967A53DD257DA2BE004C6174 /* PersonaTableViewCell.swift */,
			);
			name = Componentes;
			sourceTree = "<group>";
		};
		967A53E7257DA880004C6174 /* Tabs */ = {
			isa = PBXGroup;
			children = (
				967A53EA257DAAB7004C6174 /* PersonaViewController.swift */,
			);
			name = Tabs;
			sourceTree = "<group>";
		};
		967A53E8257DA92A004C6174 /* Tabs */ = {
			isa = PBXGroup;
			children = (
				967A53ED257DAD71004C6174 /* PersonaPresenter.swift */,
			);
			name = Tabs;
			sourceTree = "<group>";
		};
		967A53E9257DA930004C6174 /* Tabs */ = {
			isa = PBXGroup;
			children = (
				967A53F0257DAD93004C6174 /* PersonaDelegate.swift */,
			);
			name = Tabs;
			sourceTree = "<group>";
		};
		967A5414257DBE6C004C6174 /* Componentes */ = {
			isa = PBXGroup;
			children = (
			);
			name = Componentes;
			sourceTree = "<group>";
		};
		CF062C73DEA2A09341E34971 /* Pods */ = {
			isa = PBXGroup;
			children = (
				4DC9166BB2522F393CC9C1AE /* Pods-PersonaCalc.debug.xcconfig */,
				DF9ABC732A2264DEA9223F36 /* Pods-PersonaCalc.release.xcconfig */,
			);
			path = Pods;
			sourceTree = "<group>";
		};
/* End PBXGroup section */

/* Begin PBXNativeTarget section */
		965911D2257362D900179388 /* PersonaCalc */ = {
			isa = PBXNativeTarget;
			buildConfigurationList = 965911EA257362DA00179388 /* Build configuration list for PBXNativeTarget "PersonaCalc" */;
			buildPhases = (
				2D33029FF21AFBAC8016A3BF /* [CP] Check Pods Manifest.lock */,
				965911CF257362D900179388 /* Sources */,
				965911D0257362D900179388 /* Frameworks */,
				965911D1257362D900179388 /* Resources */,
				5D31F1615C0E1885003122D0 /* [CP] Embed Pods Frameworks */,
				967A540F257DAFD6004C6174 /* Embed Frameworks */,
			);
			buildRules = (
			);
			dependencies = (
			);
			name = PersonaCalc;
			productName = PersonaCalc;
			productReference = 965911D3257362D900179388 /* PersonaCalc.app */;
			productType = "com.apple.product-type.application";
		};
/* End PBXNativeTarget section */

/* Begin PBXProject section */
		965911CB257362D900179388 /* Project object */ = {
			isa = PBXProject;
			attributes = {
				LastSwiftUpdateCheck = 1220;
				LastUpgradeCheck = 1220;
				TargetAttributes = {
					965911D2257362D900179388 = {
						CreatedOnToolsVersion = 12.2;
					};
				};
			};
			buildConfigurationList = 965911CE257362D900179388 /* Build configuration list for PBXProject "PersonaCalc" */;
			compatibilityVersion = "Xcode 9.3";
			developmentRegion = en;
			hasScannedForEncodings = 0;
			knownRegions = (
				en,
				Base,
			);
			mainGroup = 965911CA257362D900179388;
			productRefGroup = 965911D4257362D900179388 /* Products */;
			projectDirPath = "";
			projectRoot = "";
			targets = (
				965911D2257362D900179388 /* PersonaCalc */,
			);
		};
/* End PBXProject section */

/* Begin PBXResourcesBuildPhase section */
		965911D1257362D900179388 /* Resources */ = {
			isa = PBXResourcesBuildPhase;
			buildActionMask = 2147483647;
			files = (
				969CB2B1257DCCC800A2AA0F /* PersonaIdViewController.xib in Resources */,
				967A53CF257D9D5C004C6174 /* PersonaViewController.storyboard in Resources */,
				969CB2B3257DD67100A2AA0F /* FusionViewCell.xib in Resources */,
				967A53C5257D9B22004C6174 /* TabRoot.storyboard in Resources */,
				965911E6257362DA00179388 /* LaunchScreen.storyboard in Resources */,
				965911E3257362DA00179388 /* Assets.xcassets in Resources */,
				967A53DB257DA289004C6174 /* PersonaTableViewCell.xib in Resources */,
				965911DE257362D900179388 /* Main.storyboard in Resources */,
				967A53CC257D9D02004C6174 /* InventarioViewController.storyboard in Resources */,
				967A53D2257D9D6E004C6174 /* ProfileViewController.storyboard in Resources */,
				967A539E257D8059004C6174 /* LoginViewController.storyboard in Resources */,
			);
			runOnlyForDeploymentPostprocessing = 0;
		};
/* End PBXResourcesBuildPhase section */

/* Begin PBXShellScriptBuildPhase section */
		2D33029FF21AFBAC8016A3BF /* [CP] Check Pods Manifest.lock */ = {
			isa = PBXShellScriptBuildPhase;
			buildActionMask = 2147483647;
			files = (
			);
			inputFileListPaths = (
			);
			inputPaths = (
				"${PODS_PODFILE_DIR_PATH}/Podfile.lock",
				"${PODS_ROOT}/Manifest.lock",
			);
			name = "[CP] Check Pods Manifest.lock";
			outputFileListPaths = (
			);
			outputPaths = (
				"$(DERIVED_FILE_DIR)/Pods-PersonaCalc-checkManifestLockResult.txt",
			);
			runOnlyForDeploymentPostprocessing = 0;
			shellPath = /bin/sh;
			shellScript = "diff \"${PODS_PODFILE_DIR_PATH}/Podfile.lock\" \"${PODS_ROOT}/Manifest.lock\" > /dev/null\nif [ $? != 0 ] ; then\n    # print error to STDERR\n    echo \"error: The sandbox is not in sync with the Podfile.lock. Run 'pod install' or update your CocoaPods installation.\" >&2\n    exit 1\nfi\n# This output is used by Xcode 'outputs' to avoid re-running this script phase.\necho \"SUCCESS\" > \"${SCRIPT_OUTPUT_FILE_0}\"\n";
			showEnvVarsInLog = 0;
		};
		5D31F1615C0E1885003122D0 /* [CP] Embed Pods Frameworks */ = {
			isa = PBXShellScriptBuildPhase;
			buildActionMask = 2147483647;
			files = (
			);
			inputFileListPaths = (
				"${PODS_ROOT}/Target Support Files/Pods-PersonaCalc/Pods-PersonaCalc-frameworks-${CONFIGURATION}-input-files.xcfilelist",
			);
			name = "[CP] Embed Pods Frameworks";
			outputFileListPaths = (
				"${PODS_ROOT}/Target Support Files/Pods-PersonaCalc/Pods-PersonaCalc-frameworks-${CONFIGURATION}-output-files.xcfilelist",
			);
			runOnlyForDeploymentPostprocessing = 0;
			shellPath = /bin/sh;
			shellScript = "\"${PODS_ROOT}/Target Support Files/Pods-PersonaCalc/Pods-PersonaCalc-frameworks.sh\"\n";
			showEnvVarsInLog = 0;
		};
/* End PBXShellScriptBuildPhase section */

/* Begin PBXSourcesBuildPhase section */
		965911CF257362D900179388 /* Sources */ = {
			isa = PBXSourcesBuildPhase;
			buildActionMask = 2147483647;
			files = (
				967A53DE257DA2BE004C6174 /* PersonaTableViewCell.swift in Sources */,
				967A53B7257D867C004C6174 /* Persona+CoreDataClass.swift in Sources */,
				967A53BA257D867C004C6174 /* Users+CoreDataProperties.swift in Sources */,
				967A53F1257DAD93004C6174 /* PersonaDelegate.swift in Sources */,
				967A53D5257D9EA8004C6174 /* TabRootWireFrame.swift in Sources */,
				965911DB257362D900179388 /* ViewController.swift in Sources */,
				967A53B9257D867C004C6174 /* Users+CoreDataClass.swift in Sources */,
				967A53C1257D94DE004C6174 /* LoginPresenter.swift in Sources */,
				967A53B8257D867C004C6174 /* Persona+CoreDataProperties.swift in Sources */,
				965911D7257362D900179388 /* AppDelegate.swift in Sources */,
				965911D9257362D900179388 /* SceneDelegate.swift in Sources */,
				967A53EE257DAD71004C6174 /* PersonaPresenter.swift in Sources */,
				967A53A7257D846A004C6174 /* LoginViewController.swift in Sources */,
				967A53EB257DAAB7004C6174 /* PersonaViewController.swift in Sources */,
				967A53BD257D87E8004C6174 /* LoginControllerWireFrame.swift in Sources */,
				965911E1257362D900179388 /* PersonaCalc.xcdatamodeld in Sources */,
			);
			runOnlyForDeploymentPostprocessing = 0;
		};
/* End PBXSourcesBuildPhase section */

/* Begin PBXVariantGroup section */
		965911DC257362D900179388 /* Main.storyboard */ = {
			isa = PBXVariantGroup;
			children = (
				965911DD257362D900179388 /* Base */,
			);
			name = Main.storyboard;
			sourceTree = "<group>";
		};
		965911E4257362DA00179388 /* LaunchScreen.storyboard */ = {
			isa = PBXVariantGroup;
			children = (
				965911E5257362DA00179388 /* Base */,
			);
			name = LaunchScreen.storyboard;
			sourceTree = "<group>";
		};
/* End PBXVariantGroup section */

/* Begin XCBuildConfiguration section */
		965911E8257362DA00179388 /* Debug */ = {
			isa = XCBuildConfiguration;
			buildSettings = {
				ALWAYS_SEARCH_USER_PATHS = NO;
				CLANG_ANALYZER_NONNULL = YES;
				CLANG_ANALYZER_NUMBER_OBJECT_CONVERSION = YES_AGGRESSIVE;
				CLANG_CXX_LANGUAGE_STANDARD = "gnu++14";
				CLANG_CXX_LIBRARY = "libc++";
				CLANG_ENABLE_MODULES = YES;
				CLANG_ENABLE_OBJC_ARC = YES;
				CLANG_ENABLE_OBJC_WEAK = YES;
				CLANG_WARN_BLOCK_CAPTURE_AUTORELEASING = YES;
				CLANG_WARN_BOOL_CONVERSION = YES;
				CLANG_WARN_COMMA = YES;
				CLANG_WARN_CONSTANT_CONVERSION = YES;
				CLANG_WARN_DEPRECATED_OBJC_IMPLEMENTATIONS = YES;
				CLANG_WARN_DIRECT_OBJC_ISA_USAGE = YES_ERROR;
				CLANG_WARN_DOCUMENTATION_COMMENTS = YES;
				CLANG_WARN_EMPTY_BODY = YES;
				CLANG_WARN_ENUM_CONVERSION = YES;
				CLANG_WARN_INFINITE_RECURSION = YES;
				CLANG_WARN_INT_CONVERSION = YES;
				CLANG_WARN_NON_LITERAL_NULL_CONVERSION = YES;
				CLANG_WARN_OBJC_IMPLICIT_RETAIN_SELF = YES;
				CLANG_WARN_OBJC_LITERAL_CONVERSION = YES;
				CLANG_WARN_OBJC_ROOT_CLASS = YES_ERROR;
				CLANG_WARN_QUOTED_INCLUDE_IN_FRAMEWORK_HEADER = YES;
				CLANG_WARN_RANGE_LOOP_ANALYSIS = YES;
				CLANG_WARN_STRICT_PROTOTYPES = YES;
				CLANG_WARN_SUSPICIOUS_MOVE = YES;
				CLANG_WARN_UNGUARDED_AVAILABILITY = YES_AGGRESSIVE;
				CLANG_WARN_UNREACHABLE_CODE = YES;
				CLANG_WARN__DUPLICATE_METHOD_MATCH = YES;
				COPY_PHASE_STRIP = NO;
				DEBUG_INFORMATION_FORMAT = dwarf;
				ENABLE_STRICT_OBJC_MSGSEND = YES;
				ENABLE_TESTABILITY = YES;
				GCC_C_LANGUAGE_STANDARD = gnu11;
				GCC_DYNAMIC_NO_PIC = NO;
				GCC_NO_COMMON_BLOCKS = YES;
				GCC_OPTIMIZATION_LEVEL = 0;
				GCC_PREPROCESSOR_DEFINITIONS = (
					"DEBUG=1",
					"$(inherited)",
				);
				GCC_WARN_64_TO_32_BIT_CONVERSION = YES;
				GCC_WARN_ABOUT_RETURN_TYPE = YES_ERROR;
				GCC_WARN_UNDECLARED_SELECTOR = YES;
				GCC_WARN_UNINITIALIZED_AUTOS = YES_AGGRESSIVE;
				GCC_WARN_UNUSED_FUNCTION = YES;
				GCC_WARN_UNUSED_VARIABLE = YES;
				IPHONEOS_DEPLOYMENT_TARGET = 14.2;
				MTL_ENABLE_DEBUG_INFO = INCLUDE_SOURCE;
				MTL_FAST_MATH = YES;
				ONLY_ACTIVE_ARCH = YES;
				SDKROOT = iphoneos;
				SWIFT_ACTIVE_COMPILATION_CONDITIONS = DEBUG;
				SWIFT_OPTIMIZATION_LEVEL = "-Onone";
			};
			name = Debug;
		};
		965911E9257362DA00179388 /* Release */ = {
			isa = XCBuildConfiguration;
			buildSettings = {
				ALWAYS_SEARCH_USER_PATHS = NO;
				CLANG_ANALYZER_NONNULL = YES;
				CLANG_ANALYZER_NUMBER_OBJECT_CONVERSION = YES_AGGRESSIVE;
				CLANG_CXX_LANGUAGE_STANDARD = "gnu++14";
				CLANG_CXX_LIBRARY = "libc++";
				CLANG_ENABLE_MODULES = YES;
				CLANG_ENABLE_OBJC_ARC = YES;
				CLANG_ENABLE_OBJC_WEAK = YES;
				CLANG_WARN_BLOCK_CAPTURE_AUTORELEASING = YES;
				CLANG_WARN_BOOL_CONVERSION = YES;
				CLANG_WARN_COMMA = YES;
				CLANG_WARN_CONSTANT_CONVERSION = YES;
				CLANG_WARN_DEPRECATED_OBJC_IMPLEMENTATIONS = YES;
				CLANG_WARN_DIRECT_OBJC_ISA_USAGE = YES_ERROR;
				CLANG_WARN_DOCUMENTATION_COMMENTS = YES;
				CLANG_WARN_EMPTY_BODY = YES;
				CLANG_WARN_ENUM_CONVERSION = YES;
				CLANG_WARN_INFINITE_RECURSION = YES;
				CLANG_WARN_INT_CONVERSION = YES;
				CLANG_WARN_NON_LITERAL_NULL_CONVERSION = YES;
				CLANG_WARN_OBJC_IMPLICIT_RETAIN_SELF = YES;
				CLANG_WARN_OBJC_LITERAL_CONVERSION = YES;
				CLANG_WARN_OBJC_ROOT_CLASS = YES_ERROR;
				CLANG_WARN_QUOTED_INCLUDE_IN_FRAMEWORK_HEADER = YES;
				CLANG_WARN_RANGE_LOOP_ANALYSIS = YES;
				CLANG_WARN_STRICT_PROTOTYPES = YES;
				CLANG_WARN_SUSPICIOUS_MOVE = YES;
				CLANG_WARN_UNGUARDED_AVAILABILITY = YES_AGGRESSIVE;
				CLANG_WARN_UNREACHABLE_CODE = YES;
				CLANG_WARN__DUPLICATE_METHOD_MATCH = YES;
				COPY_PHASE_STRIP = NO;
				DEBUG_INFORMATION_FORMAT = "dwarf-with-dsym";
				ENABLE_NS_ASSERTIONS = NO;
				ENABLE_STRICT_OBJC_MSGSEND = YES;
				GCC_C_LANGUAGE_STANDARD = gnu11;
				GCC_NO_COMMON_BLOCKS = YES;
				GCC_WARN_64_TO_32_BIT_CONVERSION = YES;
				GCC_WARN_ABOUT_RETURN_TYPE = YES_ERROR;
				GCC_WARN_UNDECLARED_SELECTOR = YES;
				GCC_WARN_UNINITIALIZED_AUTOS = YES_AGGRESSIVE;
				GCC_WARN_UNUSED_FUNCTION = YES;
				GCC_WARN_UNUSED_VARIABLE = YES;
				IPHONEOS_DEPLOYMENT_TARGET = 14.2;
				MTL_ENABLE_DEBUG_INFO = NO;
				MTL_FAST_MATH = YES;
				SDKROOT = iphoneos;
				SWIFT_COMPILATION_MODE = wholemodule;
				SWIFT_OPTIMIZATION_LEVEL = "-O";
				VALIDATE_PRODUCT = YES;
			};
			name = Release;
		};
		965911EB257362DA00179388 /* Debug */ = {
			isa = XCBuildConfiguration;
			baseConfigurationReference = 4DC9166BB2522F393CC9C1AE /* Pods-PersonaCalc.debug.xcconfig */;
			buildSettings = {
				ASSETCATALOG_COMPILER_APPICON_NAME = AppIcon;
				ASSETCATALOG_COMPILER_GLOBAL_ACCENT_COLOR_NAME = AccentColor;
				CODE_SIGN_STYLE = Automatic;
				DEVELOPMENT_TEAM = KUBZ7AQXMD;
				INFOPLIST_FILE = PersonaCalc/Info.plist;
				LD_RUNPATH_SEARCH_PATHS = (
					"$(inherited)",
					"@executable_path/Frameworks",
				);
				PRODUCT_BUNDLE_IDENTIFIER = Khatastor.PersonaCalc;
				PRODUCT_NAME = "$(TARGET_NAME)";
				SWIFT_VERSION = 5.0;
				TARGETED_DEVICE_FAMILY = "1,2";
			};
			name = Debug;
		};
		965911EC257362DA00179388 /* Release */ = {
			isa = XCBuildConfiguration;
			baseConfigurationReference = DF9ABC732A2264DEA9223F36 /* Pods-PersonaCalc.release.xcconfig */;
			buildSettings = {
				ASSETCATALOG_COMPILER_APPICON_NAME = AppIcon;
				ASSETCATALOG_COMPILER_GLOBAL_ACCENT_COLOR_NAME = AccentColor;
				CODE_SIGN_STYLE = Automatic;
				DEVELOPMENT_TEAM = KUBZ7AQXMD;
				INFOPLIST_FILE = PersonaCalc/Info.plist;
				LD_RUNPATH_SEARCH_PATHS = (
					"$(inherited)",
					"@executable_path/Frameworks",
				);
				PRODUCT_BUNDLE_IDENTIFIER = Khatastor.PersonaCalc;
				PRODUCT_NAME = "$(TARGET_NAME)";
				SWIFT_VERSION = 5.0;
				TARGETED_DEVICE_FAMILY = "1,2";
			};
			name = Release;
		};
/* End XCBuildConfiguration section */

/* Begin XCConfigurationList section */
		965911CE257362D900179388 /* Build configuration list for PBXProject "PersonaCalc" */ = {
			isa = XCConfigurationList;
			buildConfigurations = (
				965911E8257362DA00179388 /* Debug */,
				965911E9257362DA00179388 /* Release */,
			);
			defaultConfigurationIsVisible = 0;
			defaultConfigurationName = Release;
		};
		965911EA257362DA00179388 /* Build configuration list for PBXNativeTarget "PersonaCalc" */ = {
			isa = XCConfigurationList;
			buildConfigurations = (
				965911EB257362DA00179388 /* Debug */,
				965911EC257362DA00179388 /* Release */,
			);
			defaultConfigurationIsVisible = 0;
			defaultConfigurationName = Release;
		};
/* End XCConfigurationList section */

/* Begin XCVersionGroup section */
		965911DF257362D900179388 /* PersonaCalc.xcdatamodeld */ = {
			isa = XCVersionGroup;
			children = (
				965911E0257362D900179388 /* PersonaCalc.xcdatamodel */,
			);
			currentVersion = 965911E0257362D900179388 /* PersonaCalc.xcdatamodel */;
			path = PersonaCalc.xcdatamodeld;
			sourceTree = "<group>";
			versionGroupType = wrapper.xcdatamodel;
		};
/* End XCVersionGroup section */
	};
	rootObject = 965911CB257362D900179388 /* Project object */;
}
